
Microsoft Visual Studio Solution File, Format Version 12.00
# Visual Studio Version 17
VisualStudioVersion = 17.7.34024.191
MinimumVisualStudioVersion = 10.0.40219.1
Project("{FAE04EC0-301F-11D3-BF4B-00C04F79EFBC}") = "CourseWork", "CourseWork.csproj", "{B16BA139-D2B7-4CC6-90A5-EAE46BCBE8BD}"
EndProject
Global
	GlobalSection(SolutionConfigurationPlatforms) = preSolution
		Debug|Any CPU = Debug|Any CPU
		Release|Any CPU = Release|Any CPU
	EndGlobalSection
	GlobalSection(ProjectConfigurationPlatforms) = postSolution
		{B16BA139-D2B7-4CC6-90A5-EAE46BCBE8BD}.Debug|Any CPU.ActiveCfg = Debug|Any CPU
		{B16BA139-D2B7-4CC6-90A5-EAE46BCBE8BD}.Debug|Any CPU.Build.0 = Debug|Any CPU
		{B16BA139-D2B7-4CC6-90A5-EAE46BCBE8BD}.Release|Any CPU.ActiveCfg = Release|Any CPU
		{B16BA139-D2B7-4CC6-90A5-EAE46BCBE8BD}.Release|Any CPU.Build.0 = Release|Any CPU
	EndGlobalSection
	GlobalSection(SolutionProperties) = preSolution
		HideSolutionNode = FALSE
	EndGlobalSection
	GlobalSection(ExtensibilityGlobals) = postSolution
		SolutionGuid = {0457D195-576F-44DF-8E19-A1825A64EF37}
	EndGlobalSection
EndGlobal
